
Microsoft Visual Studio Solution File, Format Version 12.00
# Visual Studio Version 16
VisualStudioVersion = 16.0.30804.86
MinimumVisualStudioVersion = 10.0.40219.1
Project("{FAE04EC0-301F-11D3-BF4B-00C04F79EFBC}") = "Wirelet", "Wirelet.csproj", "{3179E0FA-B2B9-43C8-988C-FFEFBF976222}"
EndProject
Global
	GlobalSection(SolutionConfigurationPlatforms) = preSolution
		Debug|Any CPU = Debug|Any CPU
		Release|Any CPU = Release|Any CPU
	EndGlobalSection
	GlobalSection(ProjectConfigurationPlatforms) = postSolution
		{3179E0FA-B2B9-43C8-988C-FFEFBF976222}.Debug|Any CPU.ActiveCfg = Debug|Any CPU
		{3179E0FA-B2B9-43C8-988C-FFEFBF976222}.Debug|Any CPU.Build.0 = Debug|Any CPU
		{3179E0FA-B2B9-43C8-988C-FFEFBF976222}.Release|Any CPU.ActiveCfg = Release|Any CPU
		{3179E0FA-B2B9-43C8-988C-FFEFBF976222}.Release|Any CPU.Build.0 = Release|Any CPU
	EndGlobalSection
	GlobalSection(SolutionProperties) = preSolution
		HideSolutionNode = FALSE
	EndGlobalSection
	GlobalSection(ExtensibilityGlobals) = postSolution
		SolutionGuid = {C9FE58C8-679F-429F-A770-178BD87295D5}
	EndGlobalSection
EndGlobal
